
Microsoft Visual Studio Solution File, Format Version 12.00
# Visual Studio 15
VisualStudioVersion = 15.0.27703.2026
MinimumVisualStudioVersion = 10.0.40219.1
Project("{9A19103F-16F7-4668-BE54-9A1E7A4F7556}") = "PretWorks.HealthChecker", "PretWorks.HealthChecker\PretWorks.HealthChecker.csproj", "{87912EC9-A8BB-4297-B054-18D89B196E25}"
EndProject
Project("{2150E333-8FDC-42A3-9474-1A3956D46DE8}") = "Samples", "Samples", "{BD823128-6D21-42C1-8648-2D472FF4E29E}"
EndProject
Project("{2150E333-8FDC-42A3-9474-1A3956D46DE8}") = "Tests", "Tests", "{AC772A3D-680F-4F40-86C9-4A84EE934D60}"
EndProject
Global
	GlobalSection(SolutionConfigurationPlatforms) = preSolution
		Debug|Any CPU = Debug|Any CPU
		Release|Any CPU = Release|Any CPU
	EndGlobalSection
	GlobalSection(ProjectConfigurationPlatforms) = postSolution
		{87912EC9-A8BB-4297-B054-18D89B196E25}.Debug|Any CPU.ActiveCfg = Debug|Any CPU
		{87912EC9-A8BB-4297-B054-18D89B196E25}.Debug|Any CPU.Build.0 = Debug|Any CPU
		{87912EC9-A8BB-4297-B054-18D89B196E25}.Release|Any CPU.ActiveCfg = Release|Any CPU
		{87912EC9-A8BB-4297-B054-18D89B196E25}.Release|Any CPU.Build.0 = Release|Any CPU
	EndGlobalSection
	GlobalSection(SolutionProperties) = preSolution
		HideSolutionNode = FALSE
	EndGlobalSection
	GlobalSection(ExtensibilityGlobals) = postSolution
		SolutionGuid = {DD50B2DE-DC4E-4548-ACDC-38613DA47E3D}
	EndGlobalSection
EndGlobal
